
Microsoft Visual Studio Solution File, Format Version 12.00
# Visual Studio Version 17
VisualStudioVersion = 17.5.33502.453
MinimumVisualStudioVersion = 10.0.40219.1
Project("{9A19103F-16F7-4668-BE54-9A1E7A4F7556}") = "Chloride.RA2.IniExt", "Chloride.RA2.IniExt.csproj", "{F814CBC7-021D-400A-A315-210A6EFE5C95}"
EndProject
Global
	GlobalSection(SolutionConfigurationPlatforms) = preSolution
		Debug|Any CPU = Debug|Any CPU
		Release|Any CPU = Release|Any CPU
	EndGlobalSection
	GlobalSection(ProjectConfigurationPlatforms) = postSolution
		{F814CBC7-021D-400A-A315-210A6EFE5C95}.Debug|Any CPU.ActiveCfg = Debug|Any CPU
		{F814CBC7-021D-400A-A315-210A6EFE5C95}.Debug|Any CPU.Build.0 = Debug|Any CPU
		{F814CBC7-021D-400A-A315-210A6EFE5C95}.Release|Any CPU.ActiveCfg = Release|Any CPU
		{F814CBC7-021D-400A-A315-210A6EFE5C95}.Release|Any CPU.Build.0 = Release|Any CPU
	EndGlobalSection
	GlobalSection(SolutionProperties) = preSolution
		HideSolutionNode = FALSE
	EndGlobalSection
	GlobalSection(ExtensibilityGlobals) = postSolution
		SolutionGuid = {16452C40-817F-4F1C-ABD7-2092115AD15D}
	EndGlobalSection
EndGlobal
